
Microsoft Visual Studio Solution File, Format Version 12.00
Project("{2150E333-8FDC-42A3-9474-1A3956D46DE8}") = "Meta", "Meta", "{862A2B67-8CE8-4955-BAC7-CC43BFA5A8F4}"
ProjectSection(SolutionItems) = preProject
	global.json = global.json
	NuGet.config = NuGet.config
	.config\dotnet-tools.json = .config\dotnet-tools.json
	.github\workflows\continuous-integration.yml = .github\workflows\continuous-integration.yml
	src\packages.lock.json = src\packages.lock.json
	.github\dependabot.yml = .github\dependabot.yml
	MAINTENANCE.md = MAINTENANCE.md
	CHANGELOG.md = CHANGELOG.md
	CODE_OF_CONDUCT.md = CODE_OF_CONDUCT.md
	LICENSE = LICENSE
EndProjectSection
EndProject
Project("{FAE04EC0-301F-11D3-BF4B-00C04F79EFBC}") = "MyLibrary", "src\MyLibrary.csproj", "{6F2C5EC9-0D5E-4D36-BC56-450FBD08D8DB}"
EndProject
Project("{FAE04EC0-301F-11D3-BF4B-00C04F79EFBC}") = "MyLibrary.Tests", "tests\MyLibrary.Tests.csproj", "{75D6D6DB-72E8-4A14-A9BA-779EB8171FEC}"
EndProject
Project("{2150E333-8FDC-42A3-9474-1A3956D46DE8}") = "workflows", "workflows", "{FAB1CDC0-266C-4E9B-BD8B-396EE5903FB0}"
	ProjectSection(SolutionItems) = preProject
		.github\workflows\continuous-integration.yml = .github\workflows\continuous-integration.yml
	EndProjectSection
EndProject
Global
	GlobalSection(SolutionConfigurationPlatforms) = preSolution
		Debug|Any CPU = Debug|Any CPU
		Release|Any CPU = Release|Any CPU
	EndGlobalSection
	GlobalSection(ProjectConfigurationPlatforms) = postSolution
		{6F2C5EC9-0D5E-4D36-BC56-450FBD08D8DB}.Debug|Any CPU.ActiveCfg = Debug|Any CPU
		{6F2C5EC9-0D5E-4D36-BC56-450FBD08D8DB}.Debug|Any CPU.Build.0 = Debug|Any CPU
		{6F2C5EC9-0D5E-4D36-BC56-450FBD08D8DB}.Release|Any CPU.ActiveCfg = Release|Any CPU
		{6F2C5EC9-0D5E-4D36-BC56-450FBD08D8DB}.Release|Any CPU.Build.0 = Release|Any CPU
		{75D6D6DB-72E8-4A14-A9BA-779EB8171FEC}.Debug|Any CPU.ActiveCfg = Debug|Any CPU
		{75D6D6DB-72E8-4A14-A9BA-779EB8171FEC}.Debug|Any CPU.Build.0 = Debug|Any CPU
		{75D6D6DB-72E8-4A14-A9BA-779EB8171FEC}.Release|Any CPU.ActiveCfg = Release|Any CPU
		{75D6D6DB-72E8-4A14-A9BA-779EB8171FEC}.Release|Any CPU.Build.0 = Release|Any CPU
	EndGlobalSection
	GlobalSection(NestedProjects) = preSolution
		{FAB1CDC0-266C-4E9B-BD8B-396EE5903FB0} = {862A2B67-8CE8-4955-BAC7-CC43BFA5A8F4}
	EndGlobalSection
EndGlobal
